
Microsoft Visual Studio Solution File, Format Version 12.00
# Visual Studio 15
VisualStudioVersion = 15.0.28010.2026
MinimumVisualStudioVersion = 10.0.40219.1
Project("{8BC9CEB8-8B4A-11D0-8D11-00A0C91BC942}") = "Page7_10", "Page7_10.vcxproj", "{D549E1E6-BCD2-494B-AB59-7D8F4264501D}"
EndProject
Global
	GlobalSection(SolutionConfigurationPlatforms) = preSolution
		Debug|x64 = Debug|x64
		Debug|x86 = Debug|x86
		Release|x64 = Release|x64
		Release|x86 = Release|x86
	EndGlobalSection
	GlobalSection(ProjectConfigurationPlatforms) = postSolution
		{D549E1E6-BCD2-494B-AB59-7D8F4264501D}.Debug|x64.ActiveCfg = Debug|x64
		{D549E1E6-BCD2-494B-AB59-7D8F4264501D}.Debug|x64.Build.0 = Debug|x64
		{D549E1E6-BCD2-494B-AB59-7D8F4264501D}.Debug|x86.ActiveCfg = Debug|Win32
		{D549E1E6-BCD2-494B-AB59-7D8F4264501D}.Debug|x86.Build.0 = Debug|Win32
		{D549E1E6-BCD2-494B-AB59-7D8F4264501D}.Release|x64.ActiveCfg = Release|x64
		{D549E1E6-BCD2-494B-AB59-7D8F4264501D}.Release|x64.Build.0 = Release|x64
		{D549E1E6-BCD2-494B-AB59-7D8F4264501D}.Release|x86.ActiveCfg = Release|Win32
		{D549E1E6-BCD2-494B-AB59-7D8F4264501D}.Release|x86.Build.0 = Release|Win32
	EndGlobalSection
	GlobalSection(SolutionProperties) = preSolution
		HideSolutionNode = FALSE
	EndGlobalSection
	GlobalSection(ExtensibilityGlobals) = postSolution
		SolutionGuid = {06EBB179-31C6-4C7D-9F72-6066097FD334}
	EndGlobalSection
EndGlobal
